// !$*UTF8*$!
{
	archiveVersion = 1;
	classes = {
	};
	objectVersion = 55;
	objects = {

/* Begin PBXBuildFile section */
		DE07BEA92847CC0600BFA2F7 /* GoogleService-Info.plist in Resources */ = {isa = PBXBuildFile; fileRef = DE07BEA82847CC0600BFA2F7 /* GoogleService-Info.plist */; };
		DEC5BD042846F51000EA24FB /* Utilities.swift in Sources */ = {isa = PBXBuildFile; fileRef = DEC5BD032846F51000EA24FB /* Utilities.swift */; };
		DEDE2C3128481B7000B190B0 /* Constants.swift in Sources */ = {isa = PBXBuildFile; fileRef = DEDE2C3028481B7000B190B0 /* Constants.swift */; };
		DEDE2C342848353600B190B0 /* loginbg.mp4 in Resources */ = {isa = PBXBuildFile; fileRef = DEDE2C332848353600B190B0 /* loginbg.mp4 */; };
		DEFDD5AA2846AA65006673F2 /* AppDelegate.swift in Sources */ = {isa = PBXBuildFile; fileRef = DEFDD5A92846AA65006673F2 /* AppDelegate.swift */; };
		DEFDD5AC2846AA65006673F2 /* SceneDelegate.swift in Sources */ = {isa = PBXBuildFile; fileRef = DEFDD5AB2846AA65006673F2 /* SceneDelegate.swift */; };
		DEFDD5AE2846AA65006673F2 /* InitialViewController.swift in Sources */ = {isa = PBXBuildFile; fileRef = DEFDD5AD2846AA65006673F2 /* InitialViewController.swift */; };
		DEFDD5B12846AA65006673F2 /* Main.storyboard in Resources */ = {isa = PBXBuildFile; fileRef = DEFDD5AF2846AA65006673F2 /* Main.storyboard */; };
		DEFDD5B32846AA6B006673F2 /* Assets.xcassets in Resources */ = {isa = PBXBuildFile; fileRef = DEFDD5B22846AA6B006673F2 /* Assets.xcassets */; };
		DEFDD5B62846AA6B006673F2 /* LaunchScreen.storyboard in Resources */ = {isa = PBXBuildFile; fileRef = DEFDD5B42846AA6B006673F2 /* LaunchScreen.storyboard */; };
		DEFDD5BE2846AAA8006673F2 /* SignUpViewController.swift in Sources */ = {isa = PBXBuildFile; fileRef = DEFDD5BD2846AAA8006673F2 /* SignUpViewController.swift */; };
		DEFDD5C02846AABE006673F2 /* LoginViewController.swift in Sources */ = {isa = PBXBuildFile; fileRef = DEFDD5BF2846AABE006673F2 /* LoginViewController.swift */; };
		DEFDD5C22846AAE4006673F2 /* HomeViewController.swift in Sources */ = {isa = PBXBuildFile; fileRef = DEFDD5C12846AAE4006673F2 /* HomeViewController.swift */; };
		FDCDFF88F9643D97E9C6740D /* Pods_Firebase_Authentication.framework in Frameworks */ = {isa = PBXBuildFile; fileRef = B2E6D8A5FC9AA21024EDDF5F /* Pods_Firebase_Authentication.framework */; };
/* End PBXBuildFile section */

/* Begin PBXFileReference section */
		925E92CCFE1512245309824F /* Pods-Firebase_Authentication.debug.xcconfig */ = {isa = PBXFileReference; includeInIndex = 1; lastKnownFileType = text.xcconfig; name = "Pods-Firebase_Authentication.debug.xcconfig"; path = "Target Support Files/Pods-Firebase_Authentication/Pods-Firebase_Authentication.debug.xcconfig"; sourceTree = "<group>"; };
		B2E6D8A5FC9AA21024EDDF5F /* Pods_Firebase_Authentication.framework */ = {isa = PBXFileReference; explicitFileType = wrapper.framework; includeInIndex = 0; path = Pods_Firebase_Authentication.framework; sourceTree = BUILT_PRODUCTS_DIR; };
		DE07BEA82847CC0600BFA2F7 /* GoogleService-Info.plist */ = {isa = PBXFileReference; fileEncoding = 4; lastKnownFileType = text.plist.xml; path = "GoogleService-Info.plist"; sourceTree = "<group>"; };
		DEC5BD032846F51000EA24FB /* Utilities.swift */ = {isa = PBXFileReference; lastKnownFileType = sourcecode.swift; path = Utilities.swift; sourceTree = "<group>"; };
		DEDE2C3028481B7000B190B0 /* Constants.swift */ = {isa = PBXFileReference; lastKnownFileType = sourcecode.swift; path = Constants.swift; sourceTree = "<group>"; };
		DEDE2C332848353600B190B0 /* loginbg.mp4 */ = {isa = PBXFileReference; lastKnownFileType = file; path = loginbg.mp4; sourceTree = "<group>"; };
		DEFDD5A62846AA65006673F2 /* Firebase_Authentication.app */ = {isa = PBXFileReference; explicitFileType = wrapper.application; includeInIndex = 0; path = Firebase_Authentication.app; sourceTree = BUILT_PRODUCTS_DIR; };
		DEFDD5A92846AA65006673F2 /* AppDelegate.swift */ = {isa = PBXFileReference; lastKnownFileType = sourcecode.swift; path = AppDelegate.swift; sourceTree = "<group>"; };
		DEFDD5AB2846AA65006673F2 /* SceneDelegate.swift */ = {isa = PBXFileReference; lastKnownFileType = sourcecode.swift; path = SceneDelegate.swift; sourceTree = "<group>"; };
		DEFDD5AD2846AA65006673F2 /* InitialViewController.swift */ = {isa = PBXFileReference; lastKnownFileType = sourcecode.swift; path = InitialViewController.swift; sourceTree = "<group>"; };
		DEFDD5B02846AA65006673F2 /* Base */ = {isa = PBXFileReference; lastKnownFileType = file.storyboard; name = Base; path = Base.lproj/Main.storyboard; sourceTree = "<group>"; };
		DEFDD5B22846AA6B006673F2 /* Assets.xcassets */ = {isa = PBXFileReference; lastKnownFileType = folder.assetcatalog; path = Assets.xcassets; sourceTree = "<group>"; };
		DEFDD5B52846AA6B006673F2 /* Base */ = {isa = PBXFileReference; lastKnownFileType = file.storyboard; name = Base; path = Base.lproj/LaunchScreen.storyboard; sourceTree = "<group>"; };
		DEFDD5B72846AA6B006673F2 /* Info.plist */ = {isa = PBXFileReference; lastKnownFileType = text.plist.xml; path = Info.plist; sourceTree = "<group>"; };
		DEFDD5BD2846AAA8006673F2 /* SignUpViewController.swift */ = {isa = PBXFileReference; lastKnownFileType = sourcecode.swift; path = SignUpViewController.swift; sourceTree = "<group>"; };
		DEFDD5BF2846AABE006673F2 /* LoginViewController.swift */ = {isa = PBXFileReference; lastKnownFileType = sourcecode.swift; path = LoginViewController.swift; sourceTree = "<group>"; };
		DEFDD5C12846AAE4006673F2 /* HomeViewController.swift */ = {isa = PBXFileReference; lastKnownFileType = sourcecode.swift; path = HomeViewController.swift; sourceTree = "<group>"; };
		F7679EC0B510109CAA6A3677 /* Pods-Firebase_Authentication.release.xcconfig */ = {isa = PBXFileReference; includeInIndex = 1; lastKnownFileType = text.xcconfig; name = "Pods-Firebase_Authentication.release.xcconfig"; path = "Target Support Files/Pods-Firebase_Authentication/Pods-Firebase_Authentication.release.xcconfig"; sourceTree = "<group>"; };
/* End PBXFileReference section */

/* Begin PBXFrameworksBuildPhase section */
		DEFDD5A32846AA65006673F2 /* Frameworks */ = {
			isa = PBXFrameworksBuildPhase;
			buildActionMask = 2147483647;
			files = (
				FDCDFF88F9643D97E9C6740D /* Pods_Firebase_Authentication.framework in Frameworks */,
			);
			runOnlyForDeploymentPostprocessing = 0;
		};
/* End PBXFrameworksBuildPhase section */

/* Begin PBXGroup section */
		698ADC3135B9E0FD684ECA88 /* Pods */ = {
			isa = PBXGroup;
			children = (
				925E92CCFE1512245309824F /* Pods-Firebase_Authentication.debug.xcconfig */,
				F7679EC0B510109CAA6A3677 /* Pods-Firebase_Authentication.release.xcconfig */,
			);
			path = Pods;
			sourceTree = "<group>";
		};
		9253EF0A6F12E4C18CC20A53 /* Frameworks */ = {
			isa = PBXGroup;
			children = (
				B2E6D8A5FC9AA21024EDDF5F /* Pods_Firebase_Authentication.framework */,
			);
			name = Frameworks;
			sourceTree = "<group>";
		};
		DEC5BD002846F4DE00EA24FB /* Helpers */ = {
			isa = PBXGroup;
			children = (
				DEC5BD032846F51000EA24FB /* Utilities.swift */,
				DEDE2C3028481B7000B190B0 /* Constants.swift */,
			);
			path = Helpers;
			sourceTree = "<group>";
		};
		DEDE2C322848327100B190B0 /* Media */ = {
			isa = PBXGroup;
			children = (
				DEDE2C332848353600B190B0 /* loginbg.mp4 */,
			);
			path = Media;
			sourceTree = "<group>";
		};
		DEFDD59D2846AA65006673F2 = {
			isa = PBXGroup;
			children = (
				DEFDD5A82846AA65006673F2 /* Firebase_Authentication */,
				DEFDD5A72846AA65006673F2 /* Products */,
				698ADC3135B9E0FD684ECA88 /* Pods */,
				9253EF0A6F12E4C18CC20A53 /* Frameworks */,
			);
			sourceTree = "<group>";
		};
		DEFDD5A72846AA65006673F2 /* Products */ = {
			isa = PBXGroup;
			children = (
				DEFDD5A62846AA65006673F2 /* Firebase_Authentication.app */,
			);
			name = Products;
			sourceTree = "<group>";
		};
		DEFDD5A82846AA65006673F2 /* Firebase_Authentication */ = {
			isa = PBXGroup;
			children = (
				DEDE2C322848327100B190B0 /* Media */,
				DEC5BD002846F4DE00EA24FB /* Helpers */,
				DEFDD5C32846AAED006673F2 /* Views */,
				DEFDD5A92846AA65006673F2 /* AppDelegate.swift */,
				DEFDD5AB2846AA65006673F2 /* SceneDelegate.swift */,
				DEFDD5AF2846AA65006673F2 /* Main.storyboard */,
				DEFDD5B22846AA6B006673F2 /* Assets.xcassets */,
				DEFDD5B42846AA6B006673F2 /* LaunchScreen.storyboard */,
				DE07BEA82847CC0600BFA2F7 /* GoogleService-Info.plist */,
				DEFDD5B72846AA6B006673F2 /* Info.plist */,
			);
			path = Firebase_Authentication;
			sourceTree = "<group>";
		};
		DEFDD5C32846AAED006673F2 /* Views */ = {
			isa = PBXGroup;
			children = (
				DEFDD5AD2846AA65006673F2 /* InitialViewController.swift */,
				DEFDD5BD2846AAA8006673F2 /* SignUpViewController.swift */,
				DEFDD5BF2846AABE006673F2 /* LoginViewController.swift */,
				DEFDD5C12846AAE4006673F2 /* HomeViewController.swift */,
			);
			path = Views;
			sourceTree = "<group>";
		};
/* End PBXGroup section */

/* Begin PBXNativeTarget section */
		DEFDD5A52846AA65006673F2 /* Firebase_Authentication */ = {
			isa = PBXNativeTarget;
			buildConfigurationList = DEFDD5BA2846AA6B006673F2 /* Build configuration list for PBXNativeTarget "Firebase_Authentication" */;
			buildPhases = (
				0941FE16615D4E79FA576BFD /* [CP] Check Pods Manifest.lock */,
				DEFDD5A22846AA65006673F2 /* Sources */,
				DEFDD5A32846AA65006673F2 /* Frameworks */,
				DEFDD5A42846AA65006673F2 /* Resources */,
				A9B4918F9C1FF24B24146F21 /* [CP] Embed Pods Frameworks */,
			);
			buildRules = (
			);
			dependencies = (
			);
			name = Firebase_Authentication;
			productName = Firebase_Authentication;
			productReference = DEFDD5A62846AA65006673F2 /* Firebase_Authentication.app */;
			productType = "com.apple.product-type.application";
		};
/* End PBXNativeTarget section */

/* Begin PBXProject section */
		DEFDD59E2846AA65006673F2 /* Project object */ = {
			isa = PBXProject;
			attributes = {
				BuildIndependentTargetsInParallel = 1;
				LastSwiftUpdateCheck = 1340;
				LastUpgradeCheck = 1340;
				TargetAttributes = {
					DEFDD5A52846AA65006673F2 = {
						CreatedOnToolsVersion = 13.4;
					};
				};
			};
			buildConfigurationList = DEFDD5A12846AA65006673F2 /* Build configuration list for PBXProject "Firebase_Authentication" */;
			compatibilityVersion = "Xcode 13.0";
			developmentRegion = en;
			hasScannedForEncodings = 0;
			knownRegions = (
				en,
				Base,
			);
			mainGroup = DEFDD59D2846AA65006673F2;
			productRefGroup = DEFDD5A72846AA65006673F2 /* Products */;
			projectDirPath = "";
			projectRoot = "";
			targets = (
				DEFDD5A52846AA65006673F2 /* Firebase_Authentication */,
			);
		};
/* End PBXProject section */

/* Begin PBXResourcesBuildPhase section */
		DEFDD5A42846AA65006673F2 /* Resources */ = {
			isa = PBXResourcesBuildPhase;
			buildActionMask = 2147483647;
			files = (
				DEFDD5B62846AA6B006673F2 /* LaunchScreen.storyboard in Resources */,
				DEDE2C342848353600B190B0 /* loginbg.mp4 in Resources */,
				DE07BEA92847CC0600BFA2F7 /* GoogleService-Info.plist in Resources */,
				DEFDD5B32846AA6B006673F2 /* Assets.xcassets in Resources */,
				DEFDD5B12846AA65006673F2 /* Main.storyboard in Resources */,
			);
			runOnlyForDeploymentPostprocessing = 0;
		};
/* End PBXResourcesBuildPhase section */

/* Begin PBXShellScriptBuildPhase section */
		0941FE16615D4E79FA576BFD /* [CP] Check Pods Manifest.lock */ = {
			isa = PBXShellScriptBuildPhase;
			buildActionMask = 2147483647;
			files = (
			);
			inputFileListPaths = (
			);
			inputPaths = (
				"${PODS_PODFILE_DIR_PATH}/Podfile.lock",
				"${PODS_ROOT}/Manifest.lock",
			);
			name = "[CP] Check Pods Manifest.lock";
			outputFileListPaths = (
			);
			outputPaths = (
				"$(DERIVED_FILE_DIR)/Pods-Firebase_Authentication-checkManifestLockResult.txt",
			);
			runOnlyForDeploymentPostprocessing = 0;
			shellPath = /bin/sh;
			shellScript = "diff \"${PODS_PODFILE_DIR_PATH}/Podfile.lock\" \"${PODS_ROOT}/Manifest.lock\" > /dev/null\nif [ $? != 0 ] ; then\n    # print error to STDERR\n    echo \"error: The sandbox is not in sync with the Podfile.lock. Run 'pod install' or update your CocoaPods installation.\" >&2\n    exit 1\nfi\n# This output is used by Xcode 'outputs' to avoid re-running this script phase.\necho \"SUCCESS\" > \"${SCRIPT_OUTPUT_FILE_0}\"\n";
			showEnvVarsInLog = 0;
		};
		A9B4918F9C1FF24B24146F21 /* [CP] Embed Pods Frameworks */ = {
			isa = PBXShellScriptBuildPhase;
			buildActionMask = 2147483647;
			files = (
			);
			inputFileListPaths = (
				"${PODS_ROOT}/Target Support Files/Pods-Firebase_Authentication/Pods-Firebase_Authentication-frameworks-${CONFIGURATION}-input-files.xcfilelist",
			);
			name = "[CP] Embed Pods Frameworks";
			outputFileListPaths = (
				"${PODS_ROOT}/Target Support Files/Pods-Firebase_Authentication/Pods-Firebase_Authentication-frameworks-${CONFIGURATION}-output-files.xcfilelist",
			);
			runOnlyForDeploymentPostprocessing = 0;
			shellPath = /bin/sh;
			shellScript = "\"${PODS_ROOT}/Target Support Files/Pods-Firebase_Authentication/Pods-Firebase_Authentication-frameworks.sh\"\n";
			showEnvVarsInLog = 0;
		};
/* End PBXShellScriptBuildPhase section */

/* Begin PBXSourcesBuildPhase section */
		DEFDD5A22846AA65006673F2 /* Sources */ = {
			isa = PBXSourcesBuildPhase;
			buildActionMask = 2147483647;
			files = (
				DEFDD5AE2846AA65006673F2 /* InitialViewController.swift in Sources */,
				DEFDD5AA2846AA65006673F2 /* AppDelegate.swift in Sources */,
				DEC5BD042846F51000EA24FB /* Utilities.swift in Sources */,
				DEFDD5BE2846AAA8006673F2 /* SignUpViewController.swift in Sources */,
				DEFDD5C02846AABE006673F2 /* LoginViewController.swift in Sources */,
				DEFDD5AC2846AA65006673F2 /* SceneDelegate.swift in Sources */,
				DEFDD5C22846AAE4006673F2 /* HomeViewController.swift in Sources */,
				DEDE2C3128481B7000B190B0 /* Constants.swift in Sources */,
			);
			runOnlyForDeploymentPostprocessing = 0;
		};
/* End PBXSourcesBuildPhase section */

/* Begin PBXVariantGroup section */
		DEFDD5AF2846AA65006673F2 /* Main.storyboard */ = {
			isa = PBXVariantGroup;
			children = (
				DEFDD5B02846AA65006673F2 /* Base */,
			);
			name = Main.storyboard;
			sourceTree = "<group>";
		};
		DEFDD5B42846AA6B006673F2 /* LaunchScreen.storyboard */ = {
			isa = PBXVariantGroup;
			children = (
				DEFDD5B52846AA6B006673F2 /* Base */,
			);
			name = LaunchScreen.storyboard;
			sourceTree = "<group>";
		};
/* End PBXVariantGroup section */

/* Begin XCBuildConfiguration section */
		DEFDD5B82846AA6B006673F2 /* Debug */ = {
			isa = XCBuildConfiguration;
			buildSettings = {
				ALWAYS_SEARCH_USER_PATHS = NO;
				CLANG_ANALYZER_NONNULL = YES;
				CLANG_ANALYZER_NUMBER_OBJECT_CONVERSION = YES_AGGRESSIVE;
				CLANG_CXX_LANGUAGE_STANDARD = "gnu++17";
				CLANG_ENABLE_MODULES = YES;
				CLANG_ENABLE_OBJC_ARC = YES;
				CLANG_ENABLE_OBJC_WEAK = YES;
				CLANG_WARN_BLOCK_CAPTURE_AUTORELEASING = YES;
				CLANG_WARN_BOOL_CONVERSION = YES;
				CLANG_WARN_COMMA = YES;
				CLANG_WARN_CONSTANT_CONVERSION = YES;
				CLANG_WARN_DEPRECATED_OBJC_IMPLEMENTATIONS = YES;
				CLANG_WARN_DIRECT_OBJC_ISA_USAGE = YES_ERROR;
				CLANG_WARN_DOCUMENTATION_COMMENTS = YES;
				CLANG_WARN_EMPTY_BODY = YES;
				CLANG_WARN_ENUM_CONVERSION = YES;
				CLANG_WARN_INFINITE_RECURSION = YES;
				CLANG_WARN_INT_CONVERSION = YES;
				CLANG_WARN_NON_LITERAL_NULL_CONVERSION = YES;
				CLANG_WARN_OBJC_IMPLICIT_RETAIN_SELF = YES;
				CLANG_WARN_OBJC_LITERAL_CONVERSION = YES;
				CLANG_WARN_OBJC_ROOT_CLASS = YES_ERROR;
				CLANG_WARN_QUOTED_INCLUDE_IN_FRAMEWORK_HEADER = YES;
				CLANG_WARN_RANGE_LOOP_ANALYSIS = YES;
				CLANG_WARN_STRICT_PROTOTYPES = YES;
				CLANG_WARN_SUSPICIOUS_MOVE = YES;
				CLANG_WARN_UNGUARDED_AVAILABILITY = YES_AGGRESSIVE;
				CLANG_WARN_UNREACHABLE_CODE = YES;
				CLANG_WARN__DUPLICATE_METHOD_MATCH = YES;
				COPY_PHASE_STRIP = NO;
				DEBUG_INFORMATION_FORMAT = dwarf;
				ENABLE_STRICT_OBJC_MSGSEND = YES;
				ENABLE_TESTABILITY = YES;
				GCC_C_LANGUAGE_STANDARD = gnu11;
				GCC_DYNAMIC_NO_PIC = NO;
				GCC_NO_COMMON_BLOCKS = YES;
				GCC_OPTIMIZATION_LEVEL = 0;
				GCC_PREPROCESSOR_DEFINITIONS = (
					"DEBUG=1",
					"$(inherited)",
				);
				GCC_WARN_64_TO_32_BIT_CONVERSION = YES;
				GCC_WARN_ABOUT_RETURN_TYPE = YES_ERROR;
				GCC_WARN_UNDECLARED_SELECTOR = YES;
				GCC_WARN_UNINITIALIZED_AUTOS = YES_AGGRESSIVE;
				GCC_WARN_UNUSED_FUNCTION = YES;
				GCC_WARN_UNUSED_VARIABLE = YES;
				IPHONEOS_DEPLOYMENT_TARGET = 15.5;
				MTL_ENABLE_DEBUG_INFO = INCLUDE_SOURCE;
				MTL_FAST_MATH = YES;
				ONLY_ACTIVE_ARCH = YES;
				SDKROOT = iphoneos;
				SWIFT_ACTIVE_COMPILATION_CONDITIONS = DEBUG;
				SWIFT_OPTIMIZATION_LEVEL = "-Onone";
			};
			name = Debug;
		};
		DEFDD5B92846AA6B006673F2 /* Release */ = {
			isa = XCBuildConfiguration;
			buildSettings = {
				ALWAYS_SEARCH_USER_PATHS = NO;
				CLANG_ANALYZER_NONNULL = YES;
				CLANG_ANALYZER_NUMBER_OBJECT_CONVERSION = YES_AGGRESSIVE;
				CLANG_CXX_LANGUAGE_STANDARD = "gnu++17";
				CLANG_ENABLE_MODULES = YES;
				CLANG_ENABLE_OBJC_ARC = YES;
				CLANG_ENABLE_OBJC_WEAK = YES;
				CLANG_WARN_BLOCK_CAPTURE_AUTORELEASING = YES;
				CLANG_WARN_BOOL_CONVERSION = YES;
				CLANG_WARN_COMMA = YES;
				CLANG_WARN_CONSTANT_CONVERSION = YES;
				CLANG_WARN_DEPRECATED_OBJC_IMPLEMENTATIONS = YES;
				CLANG_WARN_DIRECT_OBJC_ISA_USAGE = YES_ERROR;
				CLANG_WARN_DOCUMENTATION_COMMENTS = YES;
				CLANG_WARN_EMPTY_BODY = YES;
				CLANG_WARN_ENUM_CONVERSION = YES;
				CLANG_WARN_INFINITE_RECURSION = YES;
				CLANG_WARN_INT_CONVERSION = YES;
				CLANG_WARN_NON_LITERAL_NULL_CONVERSION = YES;
				CLANG_WARN_OBJC_IMPLICIT_RETAIN_SELF = YES;
				CLANG_WARN_OBJC_LITERAL_CONVERSION = YES;
				CLANG_WARN_OBJC_ROOT_CLASS = YES_ERROR;
				CLANG_WARN_QUOTED_INCLUDE_IN_FRAMEWORK_HEADER = YES;
				CLANG_WARN_RANGE_LOOP_ANALYSIS = YES;
				CLANG_WARN_STRICT_PROTOTYPES = YES;
				CLANG_WARN_SUSPICIOUS_MOVE = YES;
				CLANG_WARN_UNGUARDED_AVAILABILITY = YES_AGGRESSIVE;
				CLANG_WARN_UNREACHABLE_CODE = YES;
				CLANG_WARN__DUPLICATE_METHOD_MATCH = YES;
				COPY_PHASE_STRIP = NO;
				DEBUG_INFORMATION_FORMAT = "dwarf-with-dsym";
				ENABLE_NS_ASSERTIONS = NO;
				ENABLE_STRICT_OBJC_MSGSEND = YES;
				GCC_C_LANGUAGE_STANDARD = gnu11;
				GCC_NO_COMMON_BLOCKS = YES;
				GCC_WARN_64_TO_32_BIT_CONVERSION = YES;
				GCC_WARN_ABOUT_RETURN_TYPE = YES_ERROR;
				GCC_WARN_UNDECLARED_SELECTOR = YES;
				GCC_WARN_UNINITIALIZED_AUTOS = YES_AGGRESSIVE;
				GCC_WARN_UNUSED_FUNCTION = YES;
				GCC_WARN_UNUSED_VARIABLE = YES;
				IPHONEOS_DEPLOYMENT_TARGET = 15.5;
				MTL_ENABLE_DEBUG_INFO = NO;
				MTL_FAST_MATH = YES;
				SDKROOT = iphoneos;
				SWIFT_COMPILATION_MODE = wholemodule;
				SWIFT_OPTIMIZATION_LEVEL = "-O";
				VALIDATE_PRODUCT = YES;
			};
			name = Release;
		};
		DEFDD5BB2846AA6B006673F2 /* Debug */ = {
			isa = XCBuildConfiguration;
			baseConfigurationReference = 925E92CCFE1512245309824F /* Pods-Firebase_Authentication.debug.xcconfig */;
			buildSettings = {
				ASSETCATALOG_COMPILER_APPICON_NAME = AppIcon;
				ASSETCATALOG_COMPILER_GLOBAL_ACCENT_COLOR_NAME = AccentColor;
				CODE_SIGN_STYLE = Automatic;
				CURRENT_PROJECT_VERSION = 1;
				DEVELOPMENT_TEAM = 5UXWG8JHUY;
				GENERATE_INFOPLIST_FILE = YES;
				INFOPLIST_FILE = Firebase_Authentication/Info.plist;
				INFOPLIST_KEY_UIApplicationSupportsIndirectInputEvents = YES;
				INFOPLIST_KEY_UILaunchStoryboardName = LaunchScreen;
				INFOPLIST_KEY_UIMainStoryboardFile = Main;
				INFOPLIST_KEY_UISupportedInterfaceOrientations_iPad = "UIInterfaceOrientationPortrait UIInterfaceOrientationPortraitUpsideDown UIInterfaceOrientationLandscapeLeft UIInterfaceOrientationLandscapeRight";
				INFOPLIST_KEY_UISupportedInterfaceOrientations_iPhone = "UIInterfaceOrientationPortrait UIInterfaceOrientationLandscapeLeft UIInterfaceOrientationLandscapeRight";
				LD_RUNPATH_SEARCH_PATHS = (
					"$(inherited)",
					"@executable_path/Frameworks",
				);
				MARKETING_VERSION = 1.0;
				PRODUCT_BUNDLE_IDENTIFIER = "com.MidnightMachine.Firebase-Authentication";
				PRODUCT_NAME = "$(TARGET_NAME)";
				SWIFT_EMIT_LOC_STRINGS = YES;
				SWIFT_VERSION = 5.0;
				TARGETED_DEVICE_FAMILY = "1,2";
			};
			name = Debug;
		};
		DEFDD5BC2846AA6B006673F2 /* Release */ = {
			isa = XCBuildConfiguration;
			baseConfigurationReference = F7679EC0B510109CAA6A3677 /* Pods-Firebase_Authentication.release.xcconfig */;
			buildSettings = {
				ASSETCATALOG_COMPILER_APPICON_NAME = AppIcon;
				ASSETCATALOG_COMPILER_GLOBAL_ACCENT_COLOR_NAME = AccentColor;
				CODE_SIGN_STYLE = Automatic;
				CURRENT_PROJECT_VERSION = 1;
				DEVELOPMENT_TEAM = 5UXWG8JHUY;
				GENERATE_INFOPLIST_FILE = YES;
				INFOPLIST_FILE = Firebase_Authentication/Info.plist;
				INFOPLIST_KEY_UIApplicationSupportsIndirectInputEvents = YES;
				INFOPLIST_KEY_UILaunchStoryboardName = LaunchScreen;
				INFOPLIST_KEY_UIMainStoryboardFile = Main;
				INFOPLIST_KEY_UISupportedInterfaceOrientations_iPad = "UIInterfaceOrientationPortrait UIInterfaceOrientationPortraitUpsideDown UIInterfaceOrientationLandscapeLeft UIInterfaceOrientationLandscapeRight";
				INFOPLIST_KEY_UISupportedInterfaceOrientations_iPhone = "UIInterfaceOrientationPortrait UIInterfaceOrientationLandscapeLeft UIInterfaceOrientationLandscapeRight";
				LD_RUNPATH_SEARCH_PATHS = (
					"$(inherited)",
					"@executable_path/Frameworks",
				);
				MARKETING_VERSION = 1.0;
				PRODUCT_BUNDLE_IDENTIFIER = "com.MidnightMachine.Firebase-Authentication";
				PRODUCT_NAME = "$(TARGET_NAME)";
				SWIFT_EMIT_LOC_STRINGS = YES;
				SWIFT_VERSION = 5.0;
				TARGETED_DEVICE_FAMILY = "1,2";
			};
			name = Release;
		};
/* End XCBuildConfiguration section */

/* Begin XCConfigurationList section */
		DEFDD5A12846AA65006673F2 /* Build configuration list for PBXProject "Firebase_Authentication" */ = {
			isa = XCConfigurationList;
			buildConfigurations = (
				DEFDD5B82846AA6B006673F2 /* Debug */,
				DEFDD5B92846AA6B006673F2 /* Release */,
			);
			defaultConfigurationIsVisible = 0;
			defaultConfigurationName = Release;
		};
		DEFDD5BA2846AA6B006673F2 /* Build configuration list for PBXNativeTarget "Firebase_Authentication" */ = {
			isa = XCConfigurationList;
			buildConfigurations = (
				DEFDD5BB2846AA6B006673F2 /* Debug */,
				DEFDD5BC2846AA6B006673F2 /* Release */,
			);
			defaultConfigurationIsVisible = 0;
			defaultConfigurationName = Release;
		};
/* End XCConfigurationList section */
	};
	rootObject = DEFDD59E2846AA65006673F2 /* Project object */;
}
